// !$*UTF8*$!
{
	archiveVersion = 1;
	classes = {
	};
	objectVersion = 56;
	objects = {

/* Begin PBXBuildFile section */
		3F0451452AE8699100B1921A /* LinkedList.cpp in Sources */ = {isa = PBXBuildFile; fileRef = 3F0451442AE8699100B1921A /* LinkedList.cpp */; };
		3F4255D92A73677700F8C384 /* main.cpp in Sources */ = {isa = PBXBuildFile; fileRef = 3F4255D82A73677700F8C384 /* main.cpp */; };
		3FC3C50F2AE8529500699329 /* World.cpp in Sources */ = {isa = PBXBuildFile; fileRef = 3FC3C50E2AE8529500699329 /* World.cpp */; };
		3FC6434D2A7B968D00CA412C /* vector.cpp in Sources */ = {isa = PBXBuildFile; fileRef = 3FC6434C2A7B968D00CA412C /* vector.cpp */; };
		3FC643502A7B975C00CA412C /* libraylib.a in Frameworks */ = {isa = PBXBuildFile; fileRef = 3FC6434F2A7B974700CA412C /* libraylib.a */; };
/* End PBXBuildFile section */

/* Begin PBXCopyFilesBuildPhase section */
		3F4255D32A73677700F8C384 /* CopyFiles */ = {
			isa = PBXCopyFilesBuildPhase;
			buildActionMask = 2147483647;
			dstPath = /usr/share/man/man1/;
			dstSubfolderSpec = 0;
			files = (
			);
			runOnlyForDeploymentPostprocessing = 1;
		};
/* End PBXCopyFilesBuildPhase section */

/* Begin PBXFileReference section */
		3F0451442AE8699100B1921A /* LinkedList.cpp */ = {isa = PBXFileReference; lastKnownFileType = sourcecode.cpp.cpp; name = LinkedList.cpp; path = util/LinkedList.cpp; sourceTree = "<group>"; };
		3F4255D52A73677700F8C384 /* VerletModel */ = {isa = PBXFileReference; explicitFileType = "compiled.mach-o.executable"; includeInIndex = 0; path = VerletModel; sourceTree = BUILT_PRODUCTS_DIR; };
		3F4255D82A73677700F8C384 /* main.cpp */ = {isa = PBXFileReference; lastKnownFileType = sourcecode.cpp.cpp; path = main.cpp; sourceTree = "<group>"; };
		3F4255E02A7367BF00F8C384 /* libraylib.4.2.0.dylib */ = {isa = PBXFileReference; lastKnownFileType = "compiled.mach-o.dylib"; name = libraylib.4.2.0.dylib; path = ../../../../opt/homebrew/Cellar/raylib/4.5.0/lib/libraylib.4.2.0.dylib; sourceTree = "<group>"; };
		3FA33B972A736F000043BCA7 /* Applications */ = {isa = PBXFileReference; lastKnownFileType = folder; name = Applications; path = ../../../../Applications; sourceTree = "<group>"; };
		3FC3C50E2AE8529500699329 /* World.cpp */ = {isa = PBXFileReference; lastKnownFileType = sourcecode.cpp.cpp; path = World.cpp; sourceTree = "<group>"; };
		3FC3C5102AE852F700699329 /* settings.h */ = {isa = PBXFileReference; lastKnownFileType = sourcecode.c.h; path = settings.h; sourceTree = "<group>"; };
		3FC643482A7B8F8800CA412C /* libraylib.4.5.0.dylib */ = {isa = PBXFileReference; lastKnownFileType = "compiled.mach-o.dylib"; name = libraylib.4.5.0.dylib; path = "../../Downloads/raylib-4.5.0_macos/lib/libraylib.4.5.0.dylib"; sourceTree = "<group>"; };
		3FC6434C2A7B968D00CA412C /* vector.cpp */ = {isa = PBXFileReference; lastKnownFileType = sourcecode.cpp.cpp; path = vector.cpp; sourceTree = "<group>"; };
		3FC6434E2A7B973200CA412C /* raylib-4.5.0_macos */ = {isa = PBXFileReference; lastKnownFileType = folder; name = "raylib-4.5.0_macos"; path = "../../Downloads/raylib-4.5.0_macos"; sourceTree = "<group>"; };
		3FC6434F2A7B974700CA412C /* libraylib.a */ = {isa = PBXFileReference; lastKnownFileType = archive.ar; name = libraylib.a; path = "../../Downloads/raylib-4.5.0_macos/lib/libraylib.a"; sourceTree = "<group>"; };
		3FE8978E2A7398540054DDED /* OpenGL.framework */ = {isa = PBXFileReference; lastKnownFileType = wrapper.framework; name = OpenGL.framework; path = System/Library/Frameworks/OpenGL.framework; sourceTree = SDKROOT; };
		3FE897902A7398610054DDED /* IOKit.framework */ = {isa = PBXFileReference; lastKnownFileType = wrapper.framework; name = IOKit.framework; path = System/Library/Frameworks/IOKit.framework; sourceTree = SDKROOT; };
		3FE897922A73986A0054DDED /* Cocoa.framework */ = {isa = PBXFileReference; lastKnownFileType = wrapper.framework; name = Cocoa.framework; path = System/Library/Frameworks/Cocoa.framework; sourceTree = SDKROOT; };
		3FE897942A7398A80054DDED /* abck */ = {isa = PBXFileReference; lastKnownFileType = folder; name = abck; path = ../../Desktop/abck; sourceTree = "<group>"; };
		3FE897972A739A190054DDED /* libraylib.a */ = {isa = PBXFileReference; lastKnownFileType = archive.ar; name = libraylib.a; path = ../../../../opt/homebrew/Cellar/raylib/4.5.0/lib/libraylib.a; sourceTree = "<group>"; };
/* End PBXFileReference section */

/* Begin PBXFrameworksBuildPhase section */
		3F4255D22A73677700F8C384 /* Frameworks */ = {
			isa = PBXFrameworksBuildPhase;
			buildActionMask = 2147483647;
			files = (
				3FC643502A7B975C00CA412C /* libraylib.a in Frameworks */,
			);
			runOnlyForDeploymentPostprocessing = 0;
		};
/* End PBXFrameworksBuildPhase section */

/* Begin PBXGroup section */
		3F4255CC2A73677700F8C384 = {
			isa = PBXGroup;
			children = (
				3F4255D72A73677700F8C384 /* VerletModel */,
				3F4255D62A73677700F8C384 /* Products */,
				3F4255DF2A7367BF00F8C384 /* Frameworks */,
			);
			sourceTree = "<group>";
		};
		3F4255D62A73677700F8C384 /* Products */ = {
			isa = PBXGroup;
			children = (
				3F4255D52A73677700F8C384 /* VerletModel */,
			);
			name = Products;
			sourceTree = "<group>";
		};
		3F4255D72A73677700F8C384 /* VerletModel */ = {
			isa = PBXGroup;
			children = (
				3F4255D82A73677700F8C384 /* main.cpp */,
				3F0451442AE8699100B1921A /* LinkedList.cpp */,
				3FC6434C2A7B968D00CA412C /* vector.cpp */,
				3FC3C50E2AE8529500699329 /* World.cpp */,
				3FC3C5102AE852F700699329 /* settings.h */,
			);
			path = VerletModel;
			sourceTree = "<group>";
		};
		3F4255DF2A7367BF00F8C384 /* Frameworks */ = {
			isa = PBXGroup;
			children = (
				3FC6434F2A7B974700CA412C /* libraylib.a */,
				3FC6434E2A7B973200CA412C /* raylib-4.5.0_macos */,
				3FC643482A7B8F8800CA412C /* libraylib.4.5.0.dylib */,
				3FE897972A739A190054DDED /* libraylib.a */,
				3FE897942A7398A80054DDED /* abck */,
				3FE897922A73986A0054DDED /* Cocoa.framework */,
				3FE897902A7398610054DDED /* IOKit.framework */,
				3FE8978E2A7398540054DDED /* OpenGL.framework */,
				3FA33B972A736F000043BCA7 /* Applications */,
				3F4255E02A7367BF00F8C384 /* libraylib.4.2.0.dylib */,
			);
			name = Frameworks;
			sourceTree = "<group>";
		};
/* End PBXGroup section */

/* Begin PBXNativeTarget section */
		3F4255D42A73677700F8C384 /* VerletModel */ = {
			isa = PBXNativeTarget;
			buildConfigurationList = 3F4255DC2A73677700F8C384 /* Build configuration list for PBXNativeTarget "VerletModel" */;
			buildPhases = (
				3F4255D12A73677700F8C384 /* Sources */,
				3F4255D22A73677700F8C384 /* Frameworks */,
				3F4255D32A73677700F8C384 /* CopyFiles */,
			);
			buildRules = (
			);
			dependencies = (
			);
			name = VerletModel;
			productName = VerletModel;
			productReference = 3F4255D52A73677700F8C384 /* VerletModel */;
			productType = "com.apple.product-type.tool";
		};
/* End PBXNativeTarget section */

/* Begin PBXProject section */
		3F4255CD2A73677700F8C384 /* Project object */ = {
			isa = PBXProject;
			attributes = {
				BuildIndependentTargetsInParallel = 1;
				LastUpgradeCheck = 1430;
				TargetAttributes = {
					3F4255D42A73677700F8C384 = {
						CreatedOnToolsVersion = 14.3.1;
					};
				};
			};
			buildConfigurationList = 3F4255D02A73677700F8C384 /* Build configuration list for PBXProject "VerletModel" */;
			compatibilityVersion = "Xcode 14.0";
			developmentRegion = en;
			hasScannedForEncodings = 0;
			knownRegions = (
				en,
				Base,
			);
			mainGroup = 3F4255CC2A73677700F8C384;
			productRefGroup = 3F4255D62A73677700F8C384 /* Products */;
			projectDirPath = "";
			projectRoot = "";
			targets = (
				3F4255D42A73677700F8C384 /* VerletModel */,
			);
		};
/* End PBXProject section */

/* Begin PBXSourcesBuildPhase section */
		3F4255D12A73677700F8C384 /* Sources */ = {
			isa = PBXSourcesBuildPhase;
			buildActionMask = 2147483647;
			files = (
				3FC6434D2A7B968D00CA412C /* vector.cpp in Sources */,
				3F4255D92A73677700F8C384 /* main.cpp in Sources */,
				3F0451452AE8699100B1921A /* LinkedList.cpp in Sources */,
				3FC3C50F2AE8529500699329 /* World.cpp in Sources */,
			);
			runOnlyForDeploymentPostprocessing = 0;
		};
/* End PBXSourcesBuildPhase section */

/* Begin XCBuildConfiguration section */
		3F4255DA2A73677700F8C384 /* Debug */ = {
			isa = XCBuildConfiguration;
			buildSettings = {
				ALWAYS_SEARCH_USER_PATHS = NO;
				CLANG_ANALYZER_NONNULL = YES;
				CLANG_ANALYZER_NUMBER_OBJECT_CONVERSION = YES_AGGRESSIVE;
				CLANG_CXX_LANGUAGE_STANDARD = "gnu++20";
				CLANG_ENABLE_MODULES = YES;
				CLANG_ENABLE_OBJC_ARC = YES;
				CLANG_ENABLE_OBJC_WEAK = YES;
				CLANG_WARN_BLOCK_CAPTURE_AUTORELEASING = YES;
				CLANG_WARN_BOOL_CONVERSION = YES;
				CLANG_WARN_COMMA = YES;
				CLANG_WARN_CONSTANT_CONVERSION = YES;
				CLANG_WARN_DEPRECATED_OBJC_IMPLEMENTATIONS = YES;
				CLANG_WARN_DIRECT_OBJC_ISA_USAGE = YES_ERROR;
				CLANG_WARN_DOCUMENTATION_COMMENTS = YES;
				CLANG_WARN_EMPTY_BODY = YES;
				CLANG_WARN_ENUM_CONVERSION = YES;
				CLANG_WARN_INFINITE_RECURSION = YES;
				CLANG_WARN_INT_CONVERSION = YES;
				CLANG_WARN_NON_LITERAL_NULL_CONVERSION = YES;
				CLANG_WARN_OBJC_IMPLICIT_RETAIN_SELF = YES;
				CLANG_WARN_OBJC_LITERAL_CONVERSION = YES;
				CLANG_WARN_OBJC_ROOT_CLASS = YES_ERROR;
				CLANG_WARN_QUOTED_INCLUDE_IN_FRAMEWORK_HEADER = YES;
				CLANG_WARN_RANGE_LOOP_ANALYSIS = YES;
				CLANG_WARN_STRICT_PROTOTYPES = YES;
				CLANG_WARN_SUSPICIOUS_MOVE = YES;
				CLANG_WARN_UNGUARDED_AVAILABILITY = YES_AGGRESSIVE;
				CLANG_WARN_UNREACHABLE_CODE = YES;
				CLANG_WARN__DUPLICATE_METHOD_MATCH = YES;
				COPY_PHASE_STRIP = NO;
				DEBUG_INFORMATION_FORMAT = dwarf;
				ENABLE_STRICT_OBJC_MSGSEND = YES;
				ENABLE_TESTABILITY = YES;
				GCC_C_LANGUAGE_STANDARD = gnu11;
				GCC_DYNAMIC_NO_PIC = NO;
				GCC_NO_COMMON_BLOCKS = YES;
				GCC_OPTIMIZATION_LEVEL = 0;
				GCC_PREPROCESSOR_DEFINITIONS = (
					"DEBUG=1",
					"$(inherited)",
				);
				GCC_WARN_64_TO_32_BIT_CONVERSION = YES;
				GCC_WARN_ABOUT_RETURN_TYPE = YES_ERROR;
				GCC_WARN_UNDECLARED_SELECTOR = YES;
				GCC_WARN_UNINITIALIZED_AUTOS = YES_AGGRESSIVE;
				GCC_WARN_UNUSED_FUNCTION = YES;
				GCC_WARN_UNUSED_VARIABLE = YES;
				MACOSX_DEPLOYMENT_TARGET = 13.3;
				MTL_ENABLE_DEBUG_INFO = INCLUDE_SOURCE;
				MTL_FAST_MATH = YES;
				ONLY_ACTIVE_ARCH = YES;
				SDKROOT = macosx;
			};
			name = Debug;
		};
		3F4255DB2A73677700F8C384 /* Release */ = {
			isa = XCBuildConfiguration;
			buildSettings = {
				ALWAYS_SEARCH_USER_PATHS = NO;
				CLANG_ANALYZER_NONNULL = YES;
				CLANG_ANALYZER_NUMBER_OBJECT_CONVERSION = YES_AGGRESSIVE;
				CLANG_CXX_LANGUAGE_STANDARD = "gnu++20";
				CLANG_ENABLE_MODULES = YES;
				CLANG_ENABLE_OBJC_ARC = YES;
				CLANG_ENABLE_OBJC_WEAK = YES;
				CLANG_WARN_BLOCK_CAPTURE_AUTORELEASING = YES;
				CLANG_WARN_BOOL_CONVERSION = YES;
				CLANG_WARN_COMMA = YES;
				CLANG_WARN_CONSTANT_CONVERSION = YES;
				CLANG_WARN_DEPRECATED_OBJC_IMPLEMENTATIONS = YES;
				CLANG_WARN_DIRECT_OBJC_ISA_USAGE = YES_ERROR;
				CLANG_WARN_DOCUMENTATION_COMMENTS = YES;
				CLANG_WARN_EMPTY_BODY = YES;
				CLANG_WARN_ENUM_CONVERSION = YES;
				CLANG_WARN_INFINITE_RECURSION = YES;
				CLANG_WARN_INT_CONVERSION = YES;
				CLANG_WARN_NON_LITERAL_NULL_CONVERSION = YES;
				CLANG_WARN_OBJC_IMPLICIT_RETAIN_SELF = YES;
				CLANG_WARN_OBJC_LITERAL_CONVERSION = YES;
				CLANG_WARN_OBJC_ROOT_CLASS = YES_ERROR;
				CLANG_WARN_QUOTED_INCLUDE_IN_FRAMEWORK_HEADER = YES;
				CLANG_WARN_RANGE_LOOP_ANALYSIS = YES;
				CLANG_WARN_STRICT_PROTOTYPES = YES;
				CLANG_WARN_SUSPICIOUS_MOVE = YES;
				CLANG_WARN_UNGUARDED_AVAILABILITY = YES_AGGRESSIVE;
				CLANG_WARN_UNREACHABLE_CODE = YES;
				CLANG_WARN__DUPLICATE_METHOD_MATCH = YES;
				COPY_PHASE_STRIP = NO;
				DEBUG_INFORMATION_FORMAT = "dwarf-with-dsym";
				ENABLE_NS_ASSERTIONS = NO;
				ENABLE_STRICT_OBJC_MSGSEND = YES;
				GCC_C_LANGUAGE_STANDARD = gnu11;
				GCC_NO_COMMON_BLOCKS = YES;
				GCC_WARN_64_TO_32_BIT_CONVERSION = YES;
				GCC_WARN_ABOUT_RETURN_TYPE = YES_ERROR;
				GCC_WARN_UNDECLARED_SELECTOR = YES;
				GCC_WARN_UNINITIALIZED_AUTOS = YES_AGGRESSIVE;
				GCC_WARN_UNUSED_FUNCTION = YES;
				GCC_WARN_UNUSED_VARIABLE = YES;
				MACOSX_DEPLOYMENT_TARGET = 13.3;
				MTL_ENABLE_DEBUG_INFO = NO;
				MTL_FAST_MATH = YES;
				SDKROOT = macosx;
			};
			name = Release;
		};
		3F4255DD2A73677700F8C384 /* Debug */ = {
			isa = XCBuildConfiguration;
			buildSettings = {
				CODE_SIGN_STYLE = Automatic;
				HEADER_SEARCH_PATHS = "\"$(SRCROOT)/../../Downloads/raylib-4.5.0_macos/include\"";
				LIBRARY_SEARCH_PATHS = (
					"$(inherited)",
					/opt/homebrew/Cellar/raylib/4.5.0/lib,
				);
				PRODUCT_NAME = "$(TARGET_NAME)";
			};
			name = Debug;
		};
		3F4255DE2A73677700F8C384 /* Release */ = {
			isa = XCBuildConfiguration;
			buildSettings = {
				CODE_SIGN_STYLE = Automatic;
				HEADER_SEARCH_PATHS = "\"$(SRCROOT)/../../Downloads/raylib-4.5.0_macos/include\"";
				LIBRARY_SEARCH_PATHS = (
					"$(inherited)",
					/opt/homebrew/Cellar/raylib/4.5.0/lib,
				);
				PRODUCT_NAME = "$(TARGET_NAME)";
			};
			name = Release;
		};
/* End XCBuildConfiguration section */

/* Begin XCConfigurationList section */
		3F4255D02A73677700F8C384 /* Build configuration list for PBXProject "VerletModel" */ = {
			isa = XCConfigurationList;
			buildConfigurations = (
				3F4255DA2A73677700F8C384 /* Debug */,
				3F4255DB2A73677700F8C384 /* Release */,
			);
			defaultConfigurationIsVisible = 0;
			defaultConfigurationName = Release;
		};
		3F4255DC2A73677700F8C384 /* Build configuration list for PBXNativeTarget "VerletModel" */ = {
			isa = XCConfigurationList;
			buildConfigurations = (
				3F4255DD2A73677700F8C384 /* Debug */,
				3F4255DE2A73677700F8C384 /* Release */,
			);
			defaultConfigurationIsVisible = 0;
			defaultConfigurationName = Release;
		};
/* End XCConfigurationList section */
	};
	rootObject = 3F4255CD2A73677700F8C384 /* Project object */;
}
